
Microsoft Visual Studio Solution File, Format Version 12.00
# Visual Studio Version 17
VisualStudioVersion = 17.8.34330.188
MinimumVisualStudioVersion = 10.0.40219.1
Project("{FAE04EC0-301F-11D3-BF4B-00C04F79EFBC}") = "productApi2", "productApi2.csproj", "{2927EA3A-75F8-4442-9489-93DEF819A6F0}"
EndProject
Global
	GlobalSection(SolutionConfigurationPlatforms) = preSolution
		Debug|Any CPU = Debug|Any CPU
		Release|Any CPU = Release|Any CPU
	EndGlobalSection
	GlobalSection(ProjectConfigurationPlatforms) = postSolution
		{2927EA3A-75F8-4442-9489-93DEF819A6F0}.Debug|Any CPU.ActiveCfg = Debug|Any CPU
		{2927EA3A-75F8-4442-9489-93DEF819A6F0}.Debug|Any CPU.Build.0 = Debug|Any CPU
		{2927EA3A-75F8-4442-9489-93DEF819A6F0}.Release|Any CPU.ActiveCfg = Release|Any CPU
		{2927EA3A-75F8-4442-9489-93DEF819A6F0}.Release|Any CPU.Build.0 = Release|Any CPU
	EndGlobalSection
	GlobalSection(SolutionProperties) = preSolution
		HideSolutionNode = FALSE
	EndGlobalSection
	GlobalSection(ExtensibilityGlobals) = postSolution
		SolutionGuid = {2909586A-DC94-4224-AB35-5605AEE5EBCA}
	EndGlobalSection
EndGlobal
