
Microsoft Visual Studio Solution File, Format Version 12.00
# Visual Studio Version 17
VisualStudioVersion = 17.8.34330.188
MinimumVisualStudioVersion = 10.0.40219.1
Project("{FAE04EC0-301F-11D3-BF4B-00C04F79EFBC}") = "TodoApp", "TodoApp.csproj", "{A34D4BF5-5731-4A89-BBE7-5765533144E2}"
EndProject
Global
	GlobalSection(SolutionConfigurationPlatforms) = preSolution
		Debug|Any CPU = Debug|Any CPU
		Release|Any CPU = Release|Any CPU
	EndGlobalSection
	GlobalSection(ProjectConfigurationPlatforms) = postSolution
		{A34D4BF5-5731-4A89-BBE7-5765533144E2}.Debug|Any CPU.ActiveCfg = Debug|Any CPU
		{A34D4BF5-5731-4A89-BBE7-5765533144E2}.Debug|Any CPU.Build.0 = Debug|Any CPU
		{A34D4BF5-5731-4A89-BBE7-5765533144E2}.Release|Any CPU.ActiveCfg = Release|Any CPU
		{A34D4BF5-5731-4A89-BBE7-5765533144E2}.Release|Any CPU.Build.0 = Release|Any CPU
	EndGlobalSection
	GlobalSection(SolutionProperties) = preSolution
		HideSolutionNode = FALSE
	EndGlobalSection
	GlobalSection(ExtensibilityGlobals) = postSolution
		SolutionGuid = {6FBD658C-3384-46C5-8BB7-A324ABDAB41D}
	EndGlobalSection
EndGlobal
